// !$*UTF8*$!
{
	archiveVersion = 1;
	classes = {
	};
	objectVersion = 46;
	objects = {

/* Begin PBXBuildFile section */
		2800D0FB1EFCBFEB008C85E7 /* Constants.swift in Sources */ = {isa = PBXBuildFile; fileRef = 2800D0FA1EFCBFEB008C85E7 /* Constants.swift */; };
		281A1C701ED14D3100F3D475 /* pokemon.csv in Resources */ = {isa = PBXBuildFile; fileRef = 281A1C6F1ED14D3100F3D475 /* pokemon.csv */; };
		281A1C731ED222AD00F3D475 /* Pokemon.swift in Sources */ = {isa = PBXBuildFile; fileRef = 281A1C721ED222AD00F3D475 /* Pokemon.swift */; };
		281A1C761ED230E200F3D475 /* PokeCell.swift in Sources */ = {isa = PBXBuildFile; fileRef = 281A1C751ED230E200F3D475 /* PokeCell.swift */; };
		285B63D71EF88C6600EE2B81 /* music.mp3 in Resources */ = {isa = PBXBuildFile; fileRef = 285B63D51EF88C6600EE2B81 /* music.mp3 */; };
		285B63D81EF88C6600EE2B81 /* music.png in Resources */ = {isa = PBXBuildFile; fileRef = 285B63D61EF88C6600EE2B81 /* music.png */; };
		285B63DA1EF89CA600EE2B81 /* PokemonDetailVC.swift in Sources */ = {isa = PBXBuildFile; fileRef = 285B63D91EF89CA600EE2B81 /* PokemonDetailVC.swift */; };
		285B63DF1EF8B4E500EE2B81 /* Main.storyboard in Resources */ = {isa = PBXBuildFile; fileRef = 285B63DD1EF8B4E500EE2B81 /* Main.storyboard */; };
		28B869181EEF04A6004D7CF7 /* csv.swift in Sources */ = {isa = PBXBuildFile; fileRef = 28B869171EEF04A6004D7CF7 /* csv.swift */; };
		28B8691A1EF096FC004D7CF7 /* Pokemon.ttf in Resources */ = {isa = PBXBuildFile; fileRef = 28B869191EF096FC004D7CF7 /* Pokemon.ttf */; };
		28E73B281ED12E9C000DD725 /* AppDelegate.swift in Sources */ = {isa = PBXBuildFile; fileRef = 28E73B271ED12E9C000DD725 /* AppDelegate.swift */; };
		28E73B2A1ED12E9C000DD725 /* ViewController.swift in Sources */ = {isa = PBXBuildFile; fileRef = 28E73B291ED12E9C000DD725 /* ViewController.swift */; };
		28E73B2F1ED12E9D000DD725 /* Assets.xcassets in Resources */ = {isa = PBXBuildFile; fileRef = 28E73B2E1ED12E9D000DD725 /* Assets.xcassets */; };
		28E73B321ED12E9D000DD725 /* LaunchScreen.storyboard in Resources */ = {isa = PBXBuildFile; fileRef = 28E73B301ED12E9D000DD725 /* LaunchScreen.storyboard */; };
		F1030D5044D088CCE1A9A519 /* Pods_pokedex.framework in Frameworks */ = {isa = PBXBuildFile; fileRef = E289A177CF6BCD8E2C98FD17 /* Pods_pokedex.framework */; };
/* End PBXBuildFile section */

/* Begin PBXFileReference section */
		2800D0FA1EFCBFEB008C85E7 /* Constants.swift */ = {isa = PBXFileReference; fileEncoding = 4; lastKnownFileType = sourcecode.swift; path = Constants.swift; sourceTree = "<group>"; };
		281A1C6F1ED14D3100F3D475 /* pokemon.csv */ = {isa = PBXFileReference; fileEncoding = 4; lastKnownFileType = text; path = pokemon.csv; sourceTree = "<group>"; };
		281A1C721ED222AD00F3D475 /* Pokemon.swift */ = {isa = PBXFileReference; fileEncoding = 4; lastKnownFileType = sourcecode.swift; path = Pokemon.swift; sourceTree = "<group>"; };
		281A1C751ED230E200F3D475 /* PokeCell.swift */ = {isa = PBXFileReference; fileEncoding = 4; lastKnownFileType = sourcecode.swift; path = PokeCell.swift; sourceTree = "<group>"; };
		285B63D51EF88C6600EE2B81 /* music.mp3 */ = {isa = PBXFileReference; lastKnownFileType = audio.mp3; path = music.mp3; sourceTree = "<group>"; };
		285B63D61EF88C6600EE2B81 /* music.png */ = {isa = PBXFileReference; lastKnownFileType = image.png; path = music.png; sourceTree = "<group>"; };
		285B63D91EF89CA600EE2B81 /* PokemonDetailVC.swift */ = {isa = PBXFileReference; fileEncoding = 4; lastKnownFileType = sourcecode.swift; path = PokemonDetailVC.swift; sourceTree = "<group>"; };
		285B63DE1EF8B4E500EE2B81 /* Base */ = {isa = PBXFileReference; lastKnownFileType = file.storyboard; name = Base; path = Base.lproj/Main.storyboard; sourceTree = "<group>"; };
		28B869171EEF04A6004D7CF7 /* csv.swift */ = {isa = PBXFileReference; fileEncoding = 4; lastKnownFileType = sourcecode.swift; path = csv.swift; sourceTree = "<group>"; };
		28B869191EF096FC004D7CF7 /* Pokemon.ttf */ = {isa = PBXFileReference; lastKnownFileType = file; path = Pokemon.ttf; sourceTree = "<group>"; };
		28E73B241ED12E9C000DD725 /* pokedex.app */ = {isa = PBXFileReference; explicitFileType = wrapper.application; includeInIndex = 0; path = pokedex.app; sourceTree = BUILT_PRODUCTS_DIR; };
		28E73B271ED12E9C000DD725 /* AppDelegate.swift */ = {isa = PBXFileReference; lastKnownFileType = sourcecode.swift; path = AppDelegate.swift; sourceTree = "<group>"; };
		28E73B291ED12E9C000DD725 /* ViewController.swift */ = {isa = PBXFileReference; lastKnownFileType = sourcecode.swift; path = ViewController.swift; sourceTree = "<group>"; };
		28E73B2E1ED12E9D000DD725 /* Assets.xcassets */ = {isa = PBXFileReference; lastKnownFileType = folder.assetcatalog; path = Assets.xcassets; sourceTree = "<group>"; };
		28E73B311ED12E9D000DD725 /* Base */ = {isa = PBXFileReference; lastKnownFileType = file.storyboard; name = Base; path = Base.lproj/LaunchScreen.storyboard; sourceTree = "<group>"; };
		28E73B331ED12E9D000DD725 /* Info.plist */ = {isa = PBXFileReference; lastKnownFileType = text.plist.xml; path = Info.plist; sourceTree = "<group>"; };
		362704F036A6875C94292296 /* Pods-pokedex.debug.xcconfig */ = {isa = PBXFileReference; includeInIndex = 1; lastKnownFileType = text.xcconfig; name = "Pods-pokedex.debug.xcconfig"; path = "Pods/Target Support Files/Pods-pokedex/Pods-pokedex.debug.xcconfig"; sourceTree = "<group>"; };
		4EFB181065CB5E64EC7E1007 /* Pods-pokedex.release.xcconfig */ = {isa = PBXFileReference; includeInIndex = 1; lastKnownFileType = text.xcconfig; name = "Pods-pokedex.release.xcconfig"; path = "Pods/Target Support Files/Pods-pokedex/Pods-pokedex.release.xcconfig"; sourceTree = "<group>"; };
		E289A177CF6BCD8E2C98FD17 /* Pods_pokedex.framework */ = {isa = PBXFileReference; explicitFileType = wrapper.framework; includeInIndex = 0; path = Pods_pokedex.framework; sourceTree = BUILT_PRODUCTS_DIR; };
/* End PBXFileReference section */

/* Begin PBXFrameworksBuildPhase section */
		28E73B211ED12E9C000DD725 /* Frameworks */ = {
			isa = PBXFrameworksBuildPhase;
			buildActionMask = 2147483647;
			files = (
				F1030D5044D088CCE1A9A519 /* Pods_pokedex.framework in Frameworks */,
			);
			runOnlyForDeploymentPostprocessing = 0;
		};
/* End PBXFrameworksBuildPhase section */

/* Begin PBXGroup section */
		281A1C711ED2229300F3D475 /* Model */ = {
			isa = PBXGroup;
			children = (
				281A1C721ED222AD00F3D475 /* Pokemon.swift */,
			);
			name = Model;
			sourceTree = "<group>";
		};
		281A1C741ED230B400F3D475 /* View */ = {
			isa = PBXGroup;
			children = (
				281A1C751ED230E200F3D475 /* PokeCell.swift */,
			);
			name = View;
			sourceTree = "<group>";
		};
		28B8691B1EF0972E004D7CF7 /* Controller */ = {
			isa = PBXGroup;
			children = (
				28E73B291ED12E9C000DD725 /* ViewController.swift */,
				285B63D91EF89CA600EE2B81 /* PokemonDetailVC.swift */,
			);
			name = Controller;
			sourceTree = "<group>";
		};
		28B8691C1EF09745004D7CF7 /* Resources */ = {
			isa = PBXGroup;
			children = (
				28B869191EF096FC004D7CF7 /* Pokemon.ttf */,
				281A1C6F1ED14D3100F3D475 /* pokemon.csv */,
				285B63D51EF88C6600EE2B81 /* music.mp3 */,
				285B63D61EF88C6600EE2B81 /* music.png */,
			);
			name = Resources;
			sourceTree = "<group>";
		};
		28B8691D1EF0976C004D7CF7 /* Util */ = {
			isa = PBXGroup;
			children = (
				28B869171EEF04A6004D7CF7 /* csv.swift */,
				2800D0FA1EFCBFEB008C85E7 /* Constants.swift */,
			);
			name = Util;
			sourceTree = "<group>";
		};
		28E73B1B1ED12E9C000DD725 = {
			isa = PBXGroup;
			children = (
				28E73B261ED12E9C000DD725 /* pokedex */,
				28E73B251ED12E9C000DD725 /* Products */,
				6AD9B7F76B9ABCDF40CAEAD4 /* Pods */,
				78E0E28EAD851629FC156915 /* Frameworks */,
			);
			sourceTree = "<group>";
		};
		28E73B251ED12E9C000DD725 /* Products */ = {
			isa = PBXGroup;
			children = (
				28E73B241ED12E9C000DD725 /* pokedex.app */,
			);
			name = Products;
			sourceTree = "<group>";
		};
		28E73B261ED12E9C000DD725 /* pokedex */ = {
			isa = PBXGroup;
			children = (
				281A1C711ED2229300F3D475 /* Model */,
				281A1C741ED230B400F3D475 /* View */,
				28B8691B1EF0972E004D7CF7 /* Controller */,
				28B8691C1EF09745004D7CF7 /* Resources */,
				28B8691D1EF0976C004D7CF7 /* Util */,
				28E73B271ED12E9C000DD725 /* AppDelegate.swift */,
				285B63DD1EF8B4E500EE2B81 /* Main.storyboard */,
				28E73B2E1ED12E9D000DD725 /* Assets.xcassets */,
				28E73B301ED12E9D000DD725 /* LaunchScreen.storyboard */,
				28E73B331ED12E9D000DD725 /* Info.plist */,
			);
			path = pokedex;
			sourceTree = "<group>";
		};
		6AD9B7F76B9ABCDF40CAEAD4 /* Pods */ = {
			isa = PBXGroup;
			children = (
				362704F036A6875C94292296 /* Pods-pokedex.debug.xcconfig */,
				4EFB181065CB5E64EC7E1007 /* Pods-pokedex.release.xcconfig */,
			);
			name = Pods;
			sourceTree = "<group>";
		};
		78E0E28EAD851629FC156915 /* Frameworks */ = {
			isa = PBXGroup;
			children = (
				E289A177CF6BCD8E2C98FD17 /* Pods_pokedex.framework */,
			);
			name = Frameworks;
			sourceTree = "<group>";
		};
/* End PBXGroup section */

/* Begin PBXNativeTarget section */
		28E73B231ED12E9C000DD725 /* pokedex */ = {
			isa = PBXNativeTarget;
			buildConfigurationList = 28E73B361ED12E9D000DD725 /* Build configuration list for PBXNativeTarget "pokedex" */;
			buildPhases = (
				9EE894B2F3C90BC7AD626814 /* [CP] Check Pods Manifest.lock */,
				28E73B201ED12E9C000DD725 /* Sources */,
				28E73B211ED12E9C000DD725 /* Frameworks */,
				28E73B221ED12E9C000DD725 /* Resources */,
				BCE50D3B67EBBA6267BEDD5B /* [CP] Embed Pods Frameworks */,
				4F9E2D2FA06AE727E15B4C4F /* [CP] Copy Pods Resources */,
			);
			buildRules = (
			);
			dependencies = (
			);
			name = pokedex;
			productName = pokedex;
			productReference = 28E73B241ED12E9C000DD725 /* pokedex.app */;
			productType = "com.apple.product-type.application";
		};
/* End PBXNativeTarget section */

/* Begin PBXProject section */
		28E73B1C1ED12E9C000DD725 /* Project object */ = {
			isa = PBXProject;
			attributes = {
				LastSwiftUpdateCheck = 0820;
				LastUpgradeCheck = 0820;
				ORGANIZATIONNAME = "Michal Chorobik";
				TargetAttributes = {
					28E73B231ED12E9C000DD725 = {
						CreatedOnToolsVersion = 8.2.1;
						DevelopmentTeam = 684QCYMBN5;
						LastSwiftMigration = 0820;
						ProvisioningStyle = Automatic;
					};
				};
			};
			buildConfigurationList = 28E73B1F1ED12E9C000DD725 /* Build configuration list for PBXProject "pokedex" */;
			compatibilityVersion = "Xcode 3.2";
			developmentRegion = English;
			hasScannedForEncodings = 0;
			knownRegions = (
				en,
				Base,
			);
			mainGroup = 28E73B1B1ED12E9C000DD725;
			productRefGroup = 28E73B251ED12E9C000DD725 /* Products */;
			projectDirPath = "";
			projectRoot = "";
			targets = (
				28E73B231ED12E9C000DD725 /* pokedex */,
			);
		};
/* End PBXProject section */

/* Begin PBXResourcesBuildPhase section */
		28E73B221ED12E9C000DD725 /* Resources */ = {
			isa = PBXResourcesBuildPhase;
			buildActionMask = 2147483647;
			files = (
				285B63DF1EF8B4E500EE2B81 /* Main.storyboard in Resources */,
				28B8691A1EF096FC004D7CF7 /* Pokemon.ttf in Resources */,
				285B63D81EF88C6600EE2B81 /* music.png in Resources */,
				28E73B321ED12E9D000DD725 /* LaunchScreen.storyboard in Resources */,
				285B63D71EF88C6600EE2B81 /* music.mp3 in Resources */,
				28E73B2F1ED12E9D000DD725 /* Assets.xcassets in Resources */,
				281A1C701ED14D3100F3D475 /* pokemon.csv in Resources */,
			);
			runOnlyForDeploymentPostprocessing = 0;
		};
/* End PBXResourcesBuildPhase section */

/* Begin PBXShellScriptBuildPhase section */
		4F9E2D2FA06AE727E15B4C4F /* [CP] Copy Pods Resources */ = {
			isa = PBXShellScriptBuildPhase;
			buildActionMask = 2147483647;
			files = (
			);
			inputPaths = (
			);
			name = "[CP] Copy Pods Resources";
			outputPaths = (
			);
			runOnlyForDeploymentPostprocessing = 0;
			shellPath = /bin/sh;
			shellScript = "\"${SRCROOT}/Pods/Target Support Files/Pods-pokedex/Pods-pokedex-resources.sh\"\n";
			showEnvVarsInLog = 0;
		};
		9EE894B2F3C90BC7AD626814 /* [CP] Check Pods Manifest.lock */ = {
			isa = PBXShellScriptBuildPhase;
			buildActionMask = 2147483647;
			files = (
			);
			inputPaths = (
			);
			name = "[CP] Check Pods Manifest.lock";
			outputPaths = (
			);
			runOnlyForDeploymentPostprocessing = 0;
			shellPath = /bin/sh;
			shellScript = "diff \"${PODS_PODFILE_DIR_PATH}/Podfile.lock\" \"${PODS_ROOT}/Manifest.lock\" > /dev/null\nif [ $? != 0 ] ; then\n    # print error to STDERR\n    echo \"error: The sandbox is not in sync with the Podfile.lock. Run 'pod install' or update your CocoaPods installation.\" >&2\n    exit 1\nfi\n";
			showEnvVarsInLog = 0;
		};
		BCE50D3B67EBBA6267BEDD5B /* [CP] Embed Pods Frameworks */ = {
			isa = PBXShellScriptBuildPhase;
			buildActionMask = 2147483647;
			files = (
			);
			inputPaths = (
			);
			name = "[CP] Embed Pods Frameworks";
			outputPaths = (
			);
			runOnlyForDeploymentPostprocessing = 0;
			shellPath = /bin/sh;
			shellScript = "\"${SRCROOT}/Pods/Target Support Files/Pods-pokedex/Pods-pokedex-frameworks.sh\"\n";
			showEnvVarsInLog = 0;
		};
/* End PBXShellScriptBuildPhase section */

/* Begin PBXSourcesBuildPhase section */
		28E73B201ED12E9C000DD725 /* Sources */ = {
			isa = PBXSourcesBuildPhase;
			buildActionMask = 2147483647;
			files = (
				281A1C761ED230E200F3D475 /* PokeCell.swift in Sources */,
				28E73B2A1ED12E9C000DD725 /* ViewController.swift in Sources */,
				28E73B281ED12E9C000DD725 /* AppDelegate.swift in Sources */,
				285B63DA1EF89CA600EE2B81 /* PokemonDetailVC.swift in Sources */,
				2800D0FB1EFCBFEB008C85E7 /* Constants.swift in Sources */,
				281A1C731ED222AD00F3D475 /* Pokemon.swift in Sources */,
				28B869181EEF04A6004D7CF7 /* csv.swift in Sources */,
			);
			runOnlyForDeploymentPostprocessing = 0;
		};
/* End PBXSourcesBuildPhase section */

/* Begin PBXVariantGroup section */
		285B63DD1EF8B4E500EE2B81 /* Main.storyboard */ = {
			isa = PBXVariantGroup;
			children = (
				285B63DE1EF8B4E500EE2B81 /* Base */,
			);
			name = Main.storyboard;
			sourceTree = "<group>";
		};
		28E73B301ED12E9D000DD725 /* LaunchScreen.storyboard */ = {
			isa = PBXVariantGroup;
			children = (
				28E73B311ED12E9D000DD725 /* Base */,
			);
			name = LaunchScreen.storyboard;
			sourceTree = "<group>";
		};
/* End PBXVariantGroup section */

/* Begin XCBuildConfiguration section */
		28E73B341ED12E9D000DD725 /* Debug */ = {
			isa = XCBuildConfiguration;
			buildSettings = {
				ALWAYS_SEARCH_USER_PATHS = NO;
				CLANG_ANALYZER_NONNULL = YES;
				CLANG_CXX_LANGUAGE_STANDARD = "gnu++0x";
				CLANG_CXX_LIBRARY = "libc++";
				CLANG_ENABLE_MODULES = YES;
				CLANG_ENABLE_OBJC_ARC = YES;
				CLANG_WARN_BOOL_CONVERSION = YES;
				CLANG_WARN_CONSTANT_CONVERSION = YES;
				CLANG_WARN_DIRECT_OBJC_ISA_USAGE = YES_ERROR;
				CLANG_WARN_DOCUMENTATION_COMMENTS = YES;
				CLANG_WARN_EMPTY_BODY = YES;
				CLANG_WARN_ENUM_CONVERSION = YES;
				CLANG_WARN_INFINITE_RECURSION = YES;
				CLANG_WARN_INT_CONVERSION = YES;
				CLANG_WARN_OBJC_ROOT_CLASS = YES_ERROR;
				CLANG_WARN_SUSPICIOUS_MOVE = YES;
				CLANG_WARN_UNREACHABLE_CODE = YES;
				CLANG_WARN__DUPLICATE_METHOD_MATCH = YES;
				"CODE_SIGN_IDENTITY[sdk=iphoneos*]" = "iPhone Developer";
				COPY_PHASE_STRIP = NO;
				DEBUG_INFORMATION_FORMAT = dwarf;
				ENABLE_STRICT_OBJC_MSGSEND = YES;
				ENABLE_TESTABILITY = YES;
				GCC_C_LANGUAGE_STANDARD = gnu99;
				GCC_DYNAMIC_NO_PIC = NO;
				GCC_NO_COMMON_BLOCKS = YES;
				GCC_OPTIMIZATION_LEVEL = 0;
				GCC_PREPROCESSOR_DEFINITIONS = (
					"DEBUG=1",
					"$(inherited)",
				);
				GCC_WARN_64_TO_32_BIT_CONVERSION = YES;
				GCC_WARN_ABOUT_RETURN_TYPE = YES_ERROR;
				GCC_WARN_UNDECLARED_SELECTOR = YES;
				GCC_WARN_UNINITIALIZED_AUTOS = YES_AGGRESSIVE;
				GCC_WARN_UNUSED_FUNCTION = YES;
				GCC_WARN_UNUSED_VARIABLE = YES;
				IPHONEOS_DEPLOYMENT_TARGET = 10.2;
				MTL_ENABLE_DEBUG_INFO = YES;
				ONLY_ACTIVE_ARCH = YES;
				SDKROOT = iphoneos;
				SWIFT_ACTIVE_COMPILATION_CONDITIONS = DEBUG;
				SWIFT_OPTIMIZATION_LEVEL = "-Onone";
			};
			name = Debug;
		};
		28E73B351ED12E9D000DD725 /* Release */ = {
			isa = XCBuildConfiguration;
			buildSettings = {
				ALWAYS_SEARCH_USER_PATHS = NO;
				CLANG_ANALYZER_NONNULL = YES;
				CLANG_CXX_LANGUAGE_STANDARD = "gnu++0x";
				CLANG_CXX_LIBRARY = "libc++";
				CLANG_ENABLE_MODULES = YES;
				CLANG_ENABLE_OBJC_ARC = YES;
				CLANG_WARN_BOOL_CONVERSION = YES;
				CLANG_WARN_CONSTANT_CONVERSION = YES;
				CLANG_WARN_DIRECT_OBJC_ISA_USAGE = YES_ERROR;
				CLANG_WARN_DOCUMENTATION_COMMENTS = YES;
				CLANG_WARN_EMPTY_BODY = YES;
				CLANG_WARN_ENUM_CONVERSION = YES;
				CLANG_WARN_INFINITE_RECURSION = YES;
				CLANG_WARN_INT_CONVERSION = YES;
				CLANG_WARN_OBJC_ROOT_CLASS = YES_ERROR;
				CLANG_WARN_SUSPICIOUS_MOVE = YES;
				CLANG_WARN_UNREACHABLE_CODE = YES;
				CLANG_WARN__DUPLICATE_METHOD_MATCH = YES;
				"CODE_SIGN_IDENTITY[sdk=iphoneos*]" = "iPhone Developer";
				COPY_PHASE_STRIP = NO;
				DEBUG_INFORMATION_FORMAT = "dwarf-with-dsym";
				ENABLE_NS_ASSERTIONS = NO;
				ENABLE_STRICT_OBJC_MSGSEND = YES;
				GCC_C_LANGUAGE_STANDARD = gnu99;
				GCC_NO_COMMON_BLOCKS = YES;
				GCC_WARN_64_TO_32_BIT_CONVERSION = YES;
				GCC_WARN_ABOUT_RETURN_TYPE = YES_ERROR;
				GCC_WARN_UNDECLARED_SELECTOR = YES;
				GCC_WARN_UNINITIALIZED_AUTOS = YES_AGGRESSIVE;
				GCC_WARN_UNUSED_FUNCTION = YES;
				GCC_WARN_UNUSED_VARIABLE = YES;
				IPHONEOS_DEPLOYMENT_TARGET = 10.2;
				MTL_ENABLE_DEBUG_INFO = NO;
				SDKROOT = iphoneos;
				SWIFT_OPTIMIZATION_LEVEL = "-Owholemodule";
				VALIDATE_PRODUCT = YES;
			};
			name = Release;
		};
		28E73B371ED12E9D000DD725 /* Debug */ = {
			isa = XCBuildConfiguration;
			baseConfigurationReference = 362704F036A6875C94292296 /* Pods-pokedex.debug.xcconfig */;
			buildSettings = {
				ASSETCATALOG_COMPILER_APPICON_NAME = AppIcon;
				DEVELOPMENT_TEAM = 684QCYMBN5;
				INFOPLIST_FILE = pokedex/Info.plist;
				LD_RUNPATH_SEARCH_PATHS = "$(inherited) @executable_path/Frameworks";
				PRODUCT_BUNDLE_IDENTIFIER = mch.pokedex;
				PRODUCT_NAME = "$(TARGET_NAME)";
				SWIFT_VERSION = 3.0;
			};
			name = Debug;
		};
		28E73B381ED12E9D000DD725 /* Release */ = {
			isa = XCBuildConfiguration;
			baseConfigurationReference = 4EFB181065CB5E64EC7E1007 /* Pods-pokedex.release.xcconfig */;
			buildSettings = {
				ASSETCATALOG_COMPILER_APPICON_NAME = AppIcon;
				DEVELOPMENT_TEAM = 684QCYMBN5;
				INFOPLIST_FILE = pokedex/Info.plist;
				LD_RUNPATH_SEARCH_PATHS = "$(inherited) @executable_path/Frameworks";
				PRODUCT_BUNDLE_IDENTIFIER = mch.pokedex;
				PRODUCT_NAME = "$(TARGET_NAME)";
				SWIFT_VERSION = 3.0;
			};
			name = Release;
		};
/* End XCBuildConfiguration section */

/* Begin XCConfigurationList section */
		28E73B1F1ED12E9C000DD725 /* Build configuration list for PBXProject "pokedex" */ = {
			isa = XCConfigurationList;
			buildConfigurations = (
				28E73B341ED12E9D000DD725 /* Debug */,
				28E73B351ED12E9D000DD725 /* Release */,
			);
			defaultConfigurationIsVisible = 0;
			defaultConfigurationName = Release;
		};
		28E73B361ED12E9D000DD725 /* Build configuration list for PBXNativeTarget "pokedex" */ = {
			isa = XCConfigurationList;
			buildConfigurations = (
				28E73B371ED12E9D000DD725 /* Debug */,
				28E73B381ED12E9D000DD725 /* Release */,
			);
			defaultConfigurationIsVisible = 0;
			defaultConfigurationName = Release;
		};
/* End XCConfigurationList section */
	};
	rootObject = 28E73B1C1ED12E9C000DD725 /* Project object */;
}
